
Microsoft Visual Studio Solution File, Format Version 12.00
# Visual Studio Version 16
VisualStudioVersion = 16.0.30330.147
MinimumVisualStudioVersion = 15.0.26124.0
Project("{9A19103F-16F7-4668-BE54-9A1E7A4F7556}") = "OdeToFood.Web", "OdeToFood.Web\OdeToFood.Web.csproj", "{D8E18572-D000-45A4-B8C9-27B808DD2C09}"
EndProject
Project("{FAE04EC0-301F-11D3-BF4B-00C04F79EFBC}") = "OdeToFood.Core", "OdeToFood.Core\OdeToFood.Core.csproj", "{F10C9512-EA13-4D27-8020-0300236FEB9F}"
EndProject
Project("{FAE04EC0-301F-11D3-BF4B-00C04F79EFBC}") = "OdeToFood.Data", "OdeToFood.Data\OdeToFood.Data.csproj", "{FDB2F7D8-C7C0-452C-AA9D-B2C7F3E0253A}"
EndProject
Project("{FAE04EC0-301F-11D3-BF4B-00C04F79EFBC}") = "OdeToFood.Domain", "OdeToFood.Domain\OdeToFood.Domain.csproj", "{307C2C6D-42BF-4B5B-810A-FEF3AAD95265}"
EndProject
Global
	GlobalSection(SolutionConfigurationPlatforms) = preSolution
		Debug|Any CPU = Debug|Any CPU
		Debug|x64 = Debug|x64
		Debug|x86 = Debug|x86
		Release|Any CPU = Release|Any CPU
		Release|x64 = Release|x64
		Release|x86 = Release|x86
	EndGlobalSection
	GlobalSection(ProjectConfigurationPlatforms) = postSolution
		{D8E18572-D000-45A4-B8C9-27B808DD2C09}.Debug|Any CPU.ActiveCfg = Debug|Any CPU
		{D8E18572-D000-45A4-B8C9-27B808DD2C09}.Debug|Any CPU.Build.0 = Debug|Any CPU
		{D8E18572-D000-45A4-B8C9-27B808DD2C09}.Debug|x64.ActiveCfg = Debug|Any CPU
		{D8E18572-D000-45A4-B8C9-27B808DD2C09}.Debug|x64.Build.0 = Debug|Any CPU
		{D8E18572-D000-45A4-B8C9-27B808DD2C09}.Debug|x86.ActiveCfg = Debug|Any CPU
		{D8E18572-D000-45A4-B8C9-27B808DD2C09}.Debug|x86.Build.0 = Debug|Any CPU
		{D8E18572-D000-45A4-B8C9-27B808DD2C09}.Release|Any CPU.ActiveCfg = Release|Any CPU
		{D8E18572-D000-45A4-B8C9-27B808DD2C09}.Release|Any CPU.Build.0 = Release|Any CPU
		{D8E18572-D000-45A4-B8C9-27B808DD2C09}.Release|x64.ActiveCfg = Release|Any CPU
		{D8E18572-D000-45A4-B8C9-27B808DD2C09}.Release|x64.Build.0 = Release|Any CPU
		{D8E18572-D000-45A4-B8C9-27B808DD2C09}.Release|x86.ActiveCfg = Release|Any CPU
		{D8E18572-D000-45A4-B8C9-27B808DD2C09}.Release|x86.Build.0 = Release|Any CPU
		{F10C9512-EA13-4D27-8020-0300236FEB9F}.Debug|Any CPU.ActiveCfg = Debug|Any CPU
		{F10C9512-EA13-4D27-8020-0300236FEB9F}.Debug|Any CPU.Build.0 = Debug|Any CPU
		{F10C9512-EA13-4D27-8020-0300236FEB9F}.Debug|x64.ActiveCfg = Debug|Any CPU
		{F10C9512-EA13-4D27-8020-0300236FEB9F}.Debug|x64.Build.0 = Debug|Any CPU
		{F10C9512-EA13-4D27-8020-0300236FEB9F}.Debug|x86.ActiveCfg = Debug|Any CPU
		{F10C9512-EA13-4D27-8020-0300236FEB9F}.Debug|x86.Build.0 = Debug|Any CPU
		{F10C9512-EA13-4D27-8020-0300236FEB9F}.Release|Any CPU.ActiveCfg = Release|Any CPU
		{F10C9512-EA13-4D27-8020-0300236FEB9F}.Release|Any CPU.Build.0 = Release|Any CPU
		{F10C9512-EA13-4D27-8020-0300236FEB9F}.Release|x64.ActiveCfg = Release|Any CPU
		{F10C9512-EA13-4D27-8020-0300236FEB9F}.Release|x64.Build.0 = Release|Any CPU
		{F10C9512-EA13-4D27-8020-0300236FEB9F}.Release|x86.ActiveCfg = Release|Any CPU
		{F10C9512-EA13-4D27-8020-0300236FEB9F}.Release|x86.Build.0 = Release|Any CPU
		{FDB2F7D8-C7C0-452C-AA9D-B2C7F3E0253A}.Debug|Any CPU.ActiveCfg = Debug|Any CPU
		{FDB2F7D8-C7C0-452C-AA9D-B2C7F3E0253A}.Debug|Any CPU.Build.0 = Debug|Any CPU
		{FDB2F7D8-C7C0-452C-AA9D-B2C7F3E0253A}.Debug|x64.ActiveCfg = Debug|Any CPU
		{FDB2F7D8-C7C0-452C-AA9D-B2C7F3E0253A}.Debug|x64.Build.0 = Debug|Any CPU
		{FDB2F7D8-C7C0-452C-AA9D-B2C7F3E0253A}.Debug|x86.ActiveCfg = Debug|Any CPU
		{FDB2F7D8-C7C0-452C-AA9D-B2C7F3E0253A}.Debug|x86.Build.0 = Debug|Any CPU
		{FDB2F7D8-C7C0-452C-AA9D-B2C7F3E0253A}.Release|Any CPU.ActiveCfg = Release|Any CPU
		{FDB2F7D8-C7C0-452C-AA9D-B2C7F3E0253A}.Release|Any CPU.Build.0 = Release|Any CPU
		{FDB2F7D8-C7C0-452C-AA9D-B2C7F3E0253A}.Release|x64.ActiveCfg = Release|Any CPU
		{FDB2F7D8-C7C0-452C-AA9D-B2C7F3E0253A}.Release|x64.Build.0 = Release|Any CPU
		{FDB2F7D8-C7C0-452C-AA9D-B2C7F3E0253A}.Release|x86.ActiveCfg = Release|Any CPU
		{FDB2F7D8-C7C0-452C-AA9D-B2C7F3E0253A}.Release|x86.Build.0 = Release|Any CPU
		{307C2C6D-42BF-4B5B-810A-FEF3AAD95265}.Debug|Any CPU.ActiveCfg = Debug|Any CPU
		{307C2C6D-42BF-4B5B-810A-FEF3AAD95265}.Debug|Any CPU.Build.0 = Debug|Any CPU
		{307C2C6D-42BF-4B5B-810A-FEF3AAD95265}.Debug|x64.ActiveCfg = Debug|Any CPU
		{307C2C6D-42BF-4B5B-810A-FEF3AAD95265}.Debug|x64.Build.0 = Debug|Any CPU
		{307C2C6D-42BF-4B5B-810A-FEF3AAD95265}.Debug|x86.ActiveCfg = Debug|Any CPU
		{307C2C6D-42BF-4B5B-810A-FEF3AAD95265}.Debug|x86.Build.0 = Debug|Any CPU
		{307C2C6D-42BF-4B5B-810A-FEF3AAD95265}.Release|Any CPU.ActiveCfg = Release|Any CPU
		{307C2C6D-42BF-4B5B-810A-FEF3AAD95265}.Release|Any CPU.Build.0 = Release|Any CPU
		{307C2C6D-42BF-4B5B-810A-FEF3AAD95265}.Release|x64.ActiveCfg = Release|Any CPU
		{307C2C6D-42BF-4B5B-810A-FEF3AAD95265}.Release|x64.Build.0 = Release|Any CPU
		{307C2C6D-42BF-4B5B-810A-FEF3AAD95265}.Release|x86.ActiveCfg = Release|Any CPU
		{307C2C6D-42BF-4B5B-810A-FEF3AAD95265}.Release|x86.Build.0 = Release|Any CPU
	EndGlobalSection
	GlobalSection(SolutionProperties) = preSolution
		HideSolutionNode = FALSE
	EndGlobalSection
	GlobalSection(ExtensibilityGlobals) = postSolution
		SolutionGuid = {C0F1E3D8-C130-4A2F-9269-CB1DA1BA034B}
	EndGlobalSection
EndGlobal
